
Microsoft Visual Studio Solution File, Format Version 12.00
# Visual Studio Version 17
VisualStudioVersion = 17.5.002.0
MinimumVisualStudioVersion = 10.0.40219.1
Project("{9A19103F-16F7-4668-BE54-9A1E7A4F7556}") = "Azure.Monitor.OpenTelemetry.Profiler.AspNetCore", "Azure.Monitor.OpenTelemetry.Profiler.AspNetCore\Azure.Monitor.OpenTelemetry.Profiler.AspNetCore.csproj", "{32E7B5AE-A3B9-4B32-99FA-4C9E43A80C06}"
EndProject
Project("{9A19103F-16F7-4668-BE54-9A1E7A4F7556}") = "Azure.Monitor.OpenTelemetry.Profiler.Core", "Azure.Monitor.OpenTelemetry.Profiler.Core\Azure.Monitor.OpenTelemetry.Profiler.Core.csproj", "{7CD68FBC-A1DF-4260-A010-1650160C272E}"
EndProject
Global
	GlobalSection(SolutionConfigurationPlatforms) = preSolution
		Debug|Any CPU = Debug|Any CPU
		Release|Any CPU = Release|Any CPU
	EndGlobalSection
	GlobalSection(ProjectConfigurationPlatforms) = postSolution
		{32E7B5AE-A3B9-4B32-99FA-4C9E43A80C06}.Debug|Any CPU.ActiveCfg = Debug|Any CPU
		{32E7B5AE-A3B9-4B32-99FA-4C9E43A80C06}.Debug|Any CPU.Build.0 = Debug|Any CPU
		{32E7B5AE-A3B9-4B32-99FA-4C9E43A80C06}.Release|Any CPU.ActiveCfg = Release|Any CPU
		{32E7B5AE-A3B9-4B32-99FA-4C9E43A80C06}.Release|Any CPU.Build.0 = Release|Any CPU
		{7CD68FBC-A1DF-4260-A010-1650160C272E}.Debug|Any CPU.ActiveCfg = Debug|Any CPU
		{7CD68FBC-A1DF-4260-A010-1650160C272E}.Debug|Any CPU.Build.0 = Debug|Any CPU
		{7CD68FBC-A1DF-4260-A010-1650160C272E}.Release|Any CPU.ActiveCfg = Release|Any CPU
		{7CD68FBC-A1DF-4260-A010-1650160C272E}.Release|Any CPU.Build.0 = Release|Any CPU
	EndGlobalSection
	GlobalSection(SolutionProperties) = preSolution
		HideSolutionNode = FALSE
	EndGlobalSection
	GlobalSection(ExtensibilityGlobals) = postSolution
		SolutionGuid = {404432FB-8C7A-441D-B3AB-34434FF939C0}
	EndGlobalSection
EndGlobal
